// !$*UTF8*$!
{
	archiveVersion = 1;
	classes = {
	};
	objectVersion = 55;
	objects = {

/* Begin PBXBuildFile section */
		18C1DB64293BF8020054B1E0 /* YelpBusinessSearchApp.swift in Sources */ = {isa = PBXBuildFile; fileRef = 18C1DB63293BF8020054B1E0 /* YelpBusinessSearchApp.swift */; };
		18C1DB66293BF8020054B1E0 /* BusinessSearchView.swift in Sources */ = {isa = PBXBuildFile; fileRef = 18C1DB65293BF8020054B1E0 /* BusinessSearchView.swift */; };
		18C1DB68293BF8040054B1E0 /* Assets.xcassets in Resources */ = {isa = PBXBuildFile; fileRef = 18C1DB67293BF8040054B1E0 /* Assets.xcassets */; };
		18C1DB6B293BF8040054B1E0 /* Preview Assets.xcassets in Resources */ = {isa = PBXBuildFile; fileRef = 18C1DB6A293BF8040054B1E0 /* Preview Assets.xcassets */; };
		18C1DB74293C159D0054B1E0 /* Alamofire in Frameworks */ = {isa = PBXBuildFile; productRef = 18C1DB73293C159D0054B1E0 /* Alamofire */; };
		18C1DB77293C20680054B1E0 /* SwiftyJSON in Frameworks */ = {isa = PBXBuildFile; productRef = 18C1DB76293C20680054B1E0 /* SwiftyJSON */; };
		18C1DB7C293D792D0054B1E0 /* RestaurantClass.swift in Sources */ = {isa = PBXBuildFile; fileRef = 18C1DB7B293D792D0054B1E0 /* RestaurantClass.swift */; };
		18C1DB7F293D801C0054B1E0 /* Kingfisher in Frameworks */ = {isa = PBXBuildFile; productRef = 18C1DB7E293D801C0054B1E0 /* Kingfisher */; };
		18C1DB81293D8A800054B1E0 /* RestaurantDetail.swift in Sources */ = {isa = PBXBuildFile; fileRef = 18C1DB80293D8A800054B1E0 /* RestaurantDetail.swift */; };
		18C1DB8329428D1B0054B1E0 /* ReservationsView.swift in Sources */ = {isa = PBXBuildFile; fileRef = 18C1DB8229428D1B0054B1E0 /* ReservationsView.swift */; };
		18C1DB862942AF100054B1E0 /* FacebookCore in Frameworks */ = {isa = PBXBuildFile; productRef = 18C1DB852942AF100054B1E0 /* FacebookCore */; };
		18C1DB882942AF100054B1E0 /* FacebookGamingServices in Frameworks */ = {isa = PBXBuildFile; productRef = 18C1DB872942AF100054B1E0 /* FacebookGamingServices */; };
		18C1DB8A2942AF100054B1E0 /* FacebookLogin in Frameworks */ = {isa = PBXBuildFile; productRef = 18C1DB892942AF100054B1E0 /* FacebookLogin */; };
		18C1DB8C2942AF100054B1E0 /* FacebookShare in Frameworks */ = {isa = PBXBuildFile; productRef = 18C1DB8B2942AF100054B1E0 /* FacebookShare */; };
/* End PBXBuildFile section */

/* Begin PBXFileReference section */
		18C1DB60293BF8020054B1E0 /* YelpBusinessSearch.app */ = {isa = PBXFileReference; explicitFileType = wrapper.application; includeInIndex = 0; path = YelpBusinessSearch.app; sourceTree = BUILT_PRODUCTS_DIR; };
		18C1DB63293BF8020054B1E0 /* YelpBusinessSearchApp.swift */ = {isa = PBXFileReference; lastKnownFileType = sourcecode.swift; path = YelpBusinessSearchApp.swift; sourceTree = "<group>"; };
		18C1DB65293BF8020054B1E0 /* BusinessSearchView.swift */ = {isa = PBXFileReference; lastKnownFileType = sourcecode.swift; path = BusinessSearchView.swift; sourceTree = "<group>"; };
		18C1DB67293BF8040054B1E0 /* Assets.xcassets */ = {isa = PBXFileReference; lastKnownFileType = folder.assetcatalog; path = Assets.xcassets; sourceTree = "<group>"; };
		18C1DB6A293BF8040054B1E0 /* Preview Assets.xcassets */ = {isa = PBXFileReference; lastKnownFileType = folder.assetcatalog; path = "Preview Assets.xcassets"; sourceTree = "<group>"; };
		18C1DB71293BF8680054B1E0 /* Info.plist */ = {isa = PBXFileReference; lastKnownFileType = text.plist; path = Info.plist; sourceTree = "<group>"; };
		18C1DB7B293D792D0054B1E0 /* RestaurantClass.swift */ = {isa = PBXFileReference; lastKnownFileType = sourcecode.swift; path = RestaurantClass.swift; sourceTree = "<group>"; };
		18C1DB80293D8A800054B1E0 /* RestaurantDetail.swift */ = {isa = PBXFileReference; lastKnownFileType = sourcecode.swift; path = RestaurantDetail.swift; sourceTree = "<group>"; };
		18C1DB8229428D1B0054B1E0 /* ReservationsView.swift */ = {isa = PBXFileReference; lastKnownFileType = sourcecode.swift; path = ReservationsView.swift; sourceTree = "<group>"; };
/* End PBXFileReference section */

/* Begin PBXFrameworksBuildPhase section */
		18C1DB5D293BF8020054B1E0 /* Frameworks */ = {
			isa = PBXFrameworksBuildPhase;
			buildActionMask = 2147483647;
			files = (
				18C1DB7F293D801C0054B1E0 /* Kingfisher in Frameworks */,
				18C1DB77293C20680054B1E0 /* SwiftyJSON in Frameworks */,
				18C1DB8A2942AF100054B1E0 /* FacebookLogin in Frameworks */,
				18C1DB74293C159D0054B1E0 /* Alamofire in Frameworks */,
				18C1DB882942AF100054B1E0 /* FacebookGamingServices in Frameworks */,
				18C1DB862942AF100054B1E0 /* FacebookCore in Frameworks */,
				18C1DB8C2942AF100054B1E0 /* FacebookShare in Frameworks */,
			);
			runOnlyForDeploymentPostprocessing = 0;
		};
/* End PBXFrameworksBuildPhase section */

/* Begin PBXGroup section */
		18C1DB57293BF8020054B1E0 = {
			isa = PBXGroup;
			children = (
				18C1DB62293BF8020054B1E0 /* YelpBusinessSearch */,
				18C1DB61293BF8020054B1E0 /* Products */,
			);
			sourceTree = "<group>";
		};
		18C1DB61293BF8020054B1E0 /* Products */ = {
			isa = PBXGroup;
			children = (
				18C1DB60293BF8020054B1E0 /* YelpBusinessSearch.app */,
			);
			name = Products;
			sourceTree = "<group>";
		};
		18C1DB62293BF8020054B1E0 /* YelpBusinessSearch */ = {
			isa = PBXGroup;
			children = (
				18C1DB71293BF8680054B1E0 /* Info.plist */,
				18C1DB63293BF8020054B1E0 /* YelpBusinessSearchApp.swift */,
				18C1DB65293BF8020054B1E0 /* BusinessSearchView.swift */,
				18C1DB8229428D1B0054B1E0 /* ReservationsView.swift */,
				18C1DB80293D8A800054B1E0 /* RestaurantDetail.swift */,
				18C1DB67293BF8040054B1E0 /* Assets.xcassets */,
				18C1DB69293BF8040054B1E0 /* Preview Content */,
				18C1DB7B293D792D0054B1E0 /* RestaurantClass.swift */,
			);
			path = YelpBusinessSearch;
			sourceTree = "<group>";
		};
		18C1DB69293BF8040054B1E0 /* Preview Content */ = {
			isa = PBXGroup;
			children = (
				18C1DB6A293BF8040054B1E0 /* Preview Assets.xcassets */,
			);
			path = "Preview Content";
			sourceTree = "<group>";
		};
/* End PBXGroup section */

/* Begin PBXNativeTarget section */
		18C1DB5F293BF8020054B1E0 /* YelpBusinessSearch */ = {
			isa = PBXNativeTarget;
			buildConfigurationList = 18C1DB6E293BF8040054B1E0 /* Build configuration list for PBXNativeTarget "YelpBusinessSearch" */;
			buildPhases = (
				18C1DB5C293BF8020054B1E0 /* Sources */,
				18C1DB5D293BF8020054B1E0 /* Frameworks */,
				18C1DB5E293BF8020054B1E0 /* Resources */,
			);
			buildRules = (
			);
			dependencies = (
			);
			name = YelpBusinessSearch;
			packageProductDependencies = (
				18C1DB73293C159D0054B1E0 /* Alamofire */,
				18C1DB76293C20680054B1E0 /* SwiftyJSON */,
				18C1DB7E293D801C0054B1E0 /* Kingfisher */,
				18C1DB852942AF100054B1E0 /* FacebookCore */,
				18C1DB872942AF100054B1E0 /* FacebookGamingServices */,
				18C1DB892942AF100054B1E0 /* FacebookLogin */,
				18C1DB8B2942AF100054B1E0 /* FacebookShare */,
			);
			productName = YelpBusinessSearch;
			productReference = 18C1DB60293BF8020054B1E0 /* YelpBusinessSearch.app */;
			productType = "com.apple.product-type.application";
		};
/* End PBXNativeTarget section */

/* Begin PBXProject section */
		18C1DB58293BF8020054B1E0 /* Project object */ = {
			isa = PBXProject;
			attributes = {
				BuildIndependentTargetsInParallel = 1;
				LastSwiftUpdateCheck = 1340;
				LastUpgradeCheck = 1340;
				TargetAttributes = {
					18C1DB5F293BF8020054B1E0 = {
						CreatedOnToolsVersion = 13.4.1;
					};
				};
			};
			buildConfigurationList = 18C1DB5B293BF8020054B1E0 /* Build configuration list for PBXProject "YelpBusinessSearch" */;
			compatibilityVersion = "Xcode 13.0";
			developmentRegion = en;
			hasScannedForEncodings = 0;
			knownRegions = (
				en,
				Base,
			);
			mainGroup = 18C1DB57293BF8020054B1E0;
			packageReferences = (
				18C1DB72293C159D0054B1E0 /* XCRemoteSwiftPackageReference "Alamofire" */,
				18C1DB75293C20680054B1E0 /* XCRemoteSwiftPackageReference "SwiftyJSON" */,
				18C1DB7D293D801C0054B1E0 /* XCRemoteSwiftPackageReference "Kingfisher" */,
				18C1DB842942AF100054B1E0 /* XCRemoteSwiftPackageReference "facebook-ios-sdk" */,
			);
			productRefGroup = 18C1DB61293BF8020054B1E0 /* Products */;
			projectDirPath = "";
			projectRoot = "";
			targets = (
				18C1DB5F293BF8020054B1E0 /* YelpBusinessSearch */,
			);
		};
/* End PBXProject section */

/* Begin PBXResourcesBuildPhase section */
		18C1DB5E293BF8020054B1E0 /* Resources */ = {
			isa = PBXResourcesBuildPhase;
			buildActionMask = 2147483647;
			files = (
				18C1DB6B293BF8040054B1E0 /* Preview Assets.xcassets in Resources */,
				18C1DB68293BF8040054B1E0 /* Assets.xcassets in Resources */,
			);
			runOnlyForDeploymentPostprocessing = 0;
		};
/* End PBXResourcesBuildPhase section */

/* Begin PBXSourcesBuildPhase section */
		18C1DB5C293BF8020054B1E0 /* Sources */ = {
			isa = PBXSourcesBuildPhase;
			buildActionMask = 2147483647;
			files = (
				18C1DB66293BF8020054B1E0 /* BusinessSearchView.swift in Sources */,
				18C1DB8329428D1B0054B1E0 /* ReservationsView.swift in Sources */,
				18C1DB81293D8A800054B1E0 /* RestaurantDetail.swift in Sources */,
				18C1DB64293BF8020054B1E0 /* YelpBusinessSearchApp.swift in Sources */,
				18C1DB7C293D792D0054B1E0 /* RestaurantClass.swift in Sources */,
			);
			runOnlyForDeploymentPostprocessing = 0;
		};
/* End PBXSourcesBuildPhase section */

/* Begin XCBuildConfiguration section */
		18C1DB6C293BF8040054B1E0 /* Debug */ = {
			isa = XCBuildConfiguration;
			buildSettings = {
				ALWAYS_SEARCH_USER_PATHS = NO;
				CLANG_ANALYZER_NONNULL = YES;
				CLANG_ANALYZER_NUMBER_OBJECT_CONVERSION = YES_AGGRESSIVE;
				CLANG_CXX_LANGUAGE_STANDARD = "gnu++17";
				CLANG_ENABLE_MODULES = YES;
				CLANG_ENABLE_OBJC_ARC = YES;
				CLANG_ENABLE_OBJC_WEAK = YES;
				CLANG_WARN_BLOCK_CAPTURE_AUTORELEASING = YES;
				CLANG_WARN_BOOL_CONVERSION = YES;
				CLANG_WARN_COMMA = YES;
				CLANG_WARN_CONSTANT_CONVERSION = YES;
				CLANG_WARN_DEPRECATED_OBJC_IMPLEMENTATIONS = YES;
				CLANG_WARN_DIRECT_OBJC_ISA_USAGE = YES_ERROR;
				CLANG_WARN_DOCUMENTATION_COMMENTS = YES;
				CLANG_WARN_EMPTY_BODY = YES;
				CLANG_WARN_ENUM_CONVERSION = YES;
				CLANG_WARN_INFINITE_RECURSION = YES;
				CLANG_WARN_INT_CONVERSION = YES;
				CLANG_WARN_NON_LITERAL_NULL_CONVERSION = YES;
				CLANG_WARN_OBJC_IMPLICIT_RETAIN_SELF = YES;
				CLANG_WARN_OBJC_LITERAL_CONVERSION = YES;
				CLANG_WARN_OBJC_ROOT_CLASS = YES_ERROR;
				CLANG_WARN_QUOTED_INCLUDE_IN_FRAMEWORK_HEADER = YES;
				CLANG_WARN_RANGE_LOOP_ANALYSIS = YES;
				CLANG_WARN_STRICT_PROTOTYPES = YES;
				CLANG_WARN_SUSPICIOUS_MOVE = YES;
				CLANG_WARN_UNGUARDED_AVAILABILITY = YES_AGGRESSIVE;
				CLANG_WARN_UNREACHABLE_CODE = YES;
				CLANG_WARN__DUPLICATE_METHOD_MATCH = YES;
				COPY_PHASE_STRIP = NO;
				DEBUG_INFORMATION_FORMAT = dwarf;
				ENABLE_STRICT_OBJC_MSGSEND = YES;
				ENABLE_TESTABILITY = YES;
				GCC_C_LANGUAGE_STANDARD = gnu11;
				GCC_DYNAMIC_NO_PIC = NO;
				GCC_NO_COMMON_BLOCKS = YES;
				GCC_OPTIMIZATION_LEVEL = 0;
				GCC_PREPROCESSOR_DEFINITIONS = (
					"DEBUG=1",
					"$(inherited)",
				);
				GCC_WARN_64_TO_32_BIT_CONVERSION = YES;
				GCC_WARN_ABOUT_RETURN_TYPE = YES_ERROR;
				GCC_WARN_UNDECLARED_SELECTOR = YES;
				GCC_WARN_UNINITIALIZED_AUTOS = YES_AGGRESSIVE;
				GCC_WARN_UNUSED_FUNCTION = YES;
				GCC_WARN_UNUSED_VARIABLE = YES;
				IPHONEOS_DEPLOYMENT_TARGET = 15.5;
				MTL_ENABLE_DEBUG_INFO = INCLUDE_SOURCE;
				MTL_FAST_MATH = YES;
				ONLY_ACTIVE_ARCH = YES;
				SDKROOT = iphoneos;
				SWIFT_ACTIVE_COMPILATION_CONDITIONS = DEBUG;
				SWIFT_OPTIMIZATION_LEVEL = "-Onone";
			};
			name = Debug;
		};
		18C1DB6D293BF8040054B1E0 /* Release */ = {
			isa = XCBuildConfiguration;
			buildSettings = {
				ALWAYS_SEARCH_USER_PATHS = NO;
				CLANG_ANALYZER_NONNULL = YES;
				CLANG_ANALYZER_NUMBER_OBJECT_CONVERSION = YES_AGGRESSIVE;
				CLANG_CXX_LANGUAGE_STANDARD = "gnu++17";
				CLANG_ENABLE_MODULES = YES;
				CLANG_ENABLE_OBJC_ARC = YES;
				CLANG_ENABLE_OBJC_WEAK = YES;
				CLANG_WARN_BLOCK_CAPTURE_AUTORELEASING = YES;
				CLANG_WARN_BOOL_CONVERSION = YES;
				CLANG_WARN_COMMA = YES;
				CLANG_WARN_CONSTANT_CONVERSION = YES;
				CLANG_WARN_DEPRECATED_OBJC_IMPLEMENTATIONS = YES;
				CLANG_WARN_DIRECT_OBJC_ISA_USAGE = YES_ERROR;
				CLANG_WARN_DOCUMENTATION_COMMENTS = YES;
				CLANG_WARN_EMPTY_BODY = YES;
				CLANG_WARN_ENUM_CONVERSION = YES;
				CLANG_WARN_INFINITE_RECURSION = YES;
				CLANG_WARN_INT_CONVERSION = YES;
				CLANG_WARN_NON_LITERAL_NULL_CONVERSION = YES;
				CLANG_WARN_OBJC_IMPLICIT_RETAIN_SELF = YES;
				CLANG_WARN_OBJC_LITERAL_CONVERSION = YES;
				CLANG_WARN_OBJC_ROOT_CLASS = YES_ERROR;
				CLANG_WARN_QUOTED_INCLUDE_IN_FRAMEWORK_HEADER = YES;
				CLANG_WARN_RANGE_LOOP_ANALYSIS = YES;
				CLANG_WARN_STRICT_PROTOTYPES = YES;
				CLANG_WARN_SUSPICIOUS_MOVE = YES;
				CLANG_WARN_UNGUARDED_AVAILABILITY = YES_AGGRESSIVE;
				CLANG_WARN_UNREACHABLE_CODE = YES;
				CLANG_WARN__DUPLICATE_METHOD_MATCH = YES;
				COPY_PHASE_STRIP = NO;
				DEBUG_INFORMATION_FORMAT = "dwarf-with-dsym";
				ENABLE_NS_ASSERTIONS = NO;
				ENABLE_STRICT_OBJC_MSGSEND = YES;
				GCC_C_LANGUAGE_STANDARD = gnu11;
				GCC_NO_COMMON_BLOCKS = YES;
				GCC_WARN_64_TO_32_BIT_CONVERSION = YES;
				GCC_WARN_ABOUT_RETURN_TYPE = YES_ERROR;
				GCC_WARN_UNDECLARED_SELECTOR = YES;
				GCC_WARN_UNINITIALIZED_AUTOS = YES_AGGRESSIVE;
				GCC_WARN_UNUSED_FUNCTION = YES;
				GCC_WARN_UNUSED_VARIABLE = YES;
				IPHONEOS_DEPLOYMENT_TARGET = 15.5;
				MTL_ENABLE_DEBUG_INFO = NO;
				MTL_FAST_MATH = YES;
				SDKROOT = iphoneos;
				SWIFT_COMPILATION_MODE = wholemodule;
				SWIFT_OPTIMIZATION_LEVEL = "-O";
				VALIDATE_PRODUCT = YES;
			};
			name = Release;
		};
		18C1DB6F293BF8040054B1E0 /* Debug */ = {
			isa = XCBuildConfiguration;
			buildSettings = {
				ASSETCATALOG_COMPILER_APPICON_NAME = AppIcon;
				ASSETCATALOG_COMPILER_GLOBAL_ACCENT_COLOR_NAME = AccentColor;
				CODE_SIGN_STYLE = Automatic;
				CURRENT_PROJECT_VERSION = 1;
				DEVELOPMENT_ASSET_PATHS = "\"YelpBusinessSearch/Preview Content\"";
				ENABLE_PREVIEWS = YES;
				GENERATE_INFOPLIST_FILE = YES;
				INFOPLIST_FILE = YelpBusinessSearch/Info.plist;
				INFOPLIST_KEY_UIApplicationSceneManifest_Generation = YES;
				INFOPLIST_KEY_UIApplicationSupportsIndirectInputEvents = YES;
				INFOPLIST_KEY_UISupportedInterfaceOrientations_iPad = "UIInterfaceOrientationPortrait UIInterfaceOrientationPortraitUpsideDown UIInterfaceOrientationLandscapeLeft UIInterfaceOrientationLandscapeRight";
				INFOPLIST_KEY_UISupportedInterfaceOrientations_iPhone = "UIInterfaceOrientationPortrait UIInterfaceOrientationLandscapeLeft UIInterfaceOrientationLandscapeRight";
				LD_RUNPATH_SEARCH_PATHS = (
					"$(inherited)",
					"@executable_path/Frameworks",
				);
				MARKETING_VERSION = 1.0;
				PRODUCT_BUNDLE_IDENTIFIER = com.usc.ruddars.YelpBusinessSearch;
				PRODUCT_NAME = "$(TARGET_NAME)";
				SWIFT_EMIT_LOC_STRINGS = YES;
				SWIFT_VERSION = 5.0;
				TARGETED_DEVICE_FAMILY = "1,2";
			};
			name = Debug;
		};
		18C1DB70293BF8040054B1E0 /* Release */ = {
			isa = XCBuildConfiguration;
			buildSettings = {
				ASSETCATALOG_COMPILER_APPICON_NAME = AppIcon;
				ASSETCATALOG_COMPILER_GLOBAL_ACCENT_COLOR_NAME = AccentColor;
				CODE_SIGN_STYLE = Automatic;
				CURRENT_PROJECT_VERSION = 1;
				DEVELOPMENT_ASSET_PATHS = "\"YelpBusinessSearch/Preview Content\"";
				ENABLE_PREVIEWS = YES;
				GENERATE_INFOPLIST_FILE = YES;
				INFOPLIST_FILE = YelpBusinessSearch/Info.plist;
				INFOPLIST_KEY_UIApplicationSceneManifest_Generation = YES;
				INFOPLIST_KEY_UIApplicationSupportsIndirectInputEvents = YES;
				INFOPLIST_KEY_UISupportedInterfaceOrientations_iPad = "UIInterfaceOrientationPortrait UIInterfaceOrientationPortraitUpsideDown UIInterfaceOrientationLandscapeLeft UIInterfaceOrientationLandscapeRight";
				INFOPLIST_KEY_UISupportedInterfaceOrientations_iPhone = "UIInterfaceOrientationPortrait UIInterfaceOrientationLandscapeLeft UIInterfaceOrientationLandscapeRight";
				LD_RUNPATH_SEARCH_PATHS = (
					"$(inherited)",
					"@executable_path/Frameworks",
				);
				MARKETING_VERSION = 1.0;
				PRODUCT_BUNDLE_IDENTIFIER = com.usc.ruddars.YelpBusinessSearch;
				PRODUCT_NAME = "$(TARGET_NAME)";
				SWIFT_EMIT_LOC_STRINGS = YES;
				SWIFT_VERSION = 5.0;
				TARGETED_DEVICE_FAMILY = "1,2";
			};
			name = Release;
		};
/* End XCBuildConfiguration section */

/* Begin XCConfigurationList section */
		18C1DB5B293BF8020054B1E0 /* Build configuration list for PBXProject "YelpBusinessSearch" */ = {
			isa = XCConfigurationList;
			buildConfigurations = (
				18C1DB6C293BF8040054B1E0 /* Debug */,
				18C1DB6D293BF8040054B1E0 /* Release */,
			);
			defaultConfigurationIsVisible = 0;
			defaultConfigurationName = Release;
		};
		18C1DB6E293BF8040054B1E0 /* Build configuration list for PBXNativeTarget "YelpBusinessSearch" */ = {
			isa = XCConfigurationList;
			buildConfigurations = (
				18C1DB6F293BF8040054B1E0 /* Debug */,
				18C1DB70293BF8040054B1E0 /* Release */,
			);
			defaultConfigurationIsVisible = 0;
			defaultConfigurationName = Release;
		};
/* End XCConfigurationList section */

/* Begin XCRemoteSwiftPackageReference section */
		18C1DB72293C159D0054B1E0 /* XCRemoteSwiftPackageReference "Alamofire" */ = {
			isa = XCRemoteSwiftPackageReference;
			repositoryURL = "https://github.com/Alamofire/Alamofire#swift-package-manager";
			requirement = {
				kind = upToNextMajorVersion;
				minimumVersion = 5.0.0;
			};
		};
		18C1DB75293C20680054B1E0 /* XCRemoteSwiftPackageReference "SwiftyJSON" */ = {
			isa = XCRemoteSwiftPackageReference;
			repositoryURL = "https://github.com/SwiftyJSON/SwiftyJSON#usage";
			requirement = {
				kind = upToNextMajorVersion;
				minimumVersion = 5.0.0;
			};
		};
		18C1DB7D293D801C0054B1E0 /* XCRemoteSwiftPackageReference "Kingfisher" */ = {
			isa = XCRemoteSwiftPackageReference;
			repositoryURL = "https://github.com/onevcat/Kingfisher";
			requirement = {
				kind = upToNextMajorVersion;
				minimumVersion = 7.0.0;
			};
		};
		18C1DB842942AF100054B1E0 /* XCRemoteSwiftPackageReference "facebook-ios-sdk" */ = {
			isa = XCRemoteSwiftPackageReference;
			repositoryURL = "https://github.com/facebook/facebook-ios-sdk?fbclid=IwAR2ciVcOZd6ZnzM2cJdQtF2VMDVHJx-9NQ0oUYO1pvNMnszTVCJV75wXvNc";
			requirement = {
				kind = upToNextMajorVersion;
				minimumVersion = 9.0.0;
			};
		};
/* End XCRemoteSwiftPackageReference section */

/* Begin XCSwiftPackageProductDependency section */
		18C1DB73293C159D0054B1E0 /* Alamofire */ = {
			isa = XCSwiftPackageProductDependency;
			package = 18C1DB72293C159D0054B1E0 /* XCRemoteSwiftPackageReference "Alamofire" */;
			productName = Alamofire;
		};
		18C1DB76293C20680054B1E0 /* SwiftyJSON */ = {
			isa = XCSwiftPackageProductDependency;
			package = 18C1DB75293C20680054B1E0 /* XCRemoteSwiftPackageReference "SwiftyJSON" */;
			productName = SwiftyJSON;
		};
		18C1DB7E293D801C0054B1E0 /* Kingfisher */ = {
			isa = XCSwiftPackageProductDependency;
			package = 18C1DB7D293D801C0054B1E0 /* XCRemoteSwiftPackageReference "Kingfisher" */;
			productName = Kingfisher;
		};
		18C1DB852942AF100054B1E0 /* FacebookCore */ = {
			isa = XCSwiftPackageProductDependency;
			package = 18C1DB842942AF100054B1E0 /* XCRemoteSwiftPackageReference "facebook-ios-sdk" */;
			productName = FacebookCore;
		};
		18C1DB872942AF100054B1E0 /* FacebookGamingServices */ = {
			isa = XCSwiftPackageProductDependency;
			package = 18C1DB842942AF100054B1E0 /* XCRemoteSwiftPackageReference "facebook-ios-sdk" */;
			productName = FacebookGamingServices;
		};
		18C1DB892942AF100054B1E0 /* FacebookLogin */ = {
			isa = XCSwiftPackageProductDependency;
			package = 18C1DB842942AF100054B1E0 /* XCRemoteSwiftPackageReference "facebook-ios-sdk" */;
			productName = FacebookLogin;
		};
		18C1DB8B2942AF100054B1E0 /* FacebookShare */ = {
			isa = XCSwiftPackageProductDependency;
			package = 18C1DB842942AF100054B1E0 /* XCRemoteSwiftPackageReference "facebook-ios-sdk" */;
			productName = FacebookShare;
		};
/* End XCSwiftPackageProductDependency section */
	};
	rootObject = 18C1DB58293BF8020054B1E0 /* Project object */;
}
